
Microsoft Visual Studio Solution File, Format Version 12.00
# Visual Studio 15
VisualStudioVersion = 15.0.27004.2009
MinimumVisualStudioVersion = 10.0.40219.1
Project("{A07B5EB6-E848-4116-A8D0-A826331D98C6}") = "ServiceFabric.DataProtection", "ServiceFabric.DataProtection\ServiceFabric.DataProtection.sfproj", "{A412C9FE-DD03-40D8-80F7-F9806A083140}"
EndProject
Project("{9A19103F-16F7-4668-BE54-9A1E7A4F7556}") = "ServiceFabric.DataProtection.Web", "ServiceFabric.DataProtection.Web\ServiceFabric.DataProtection.Web.csproj", "{47EA520C-F137-4AA1-9350-E1149C1C64EB}"
EndProject
Project("{9A19103F-16F7-4668-BE54-9A1E7A4F7556}") = "AspNetCore.DataProtection.ServiceFabric", "AspNetCore.DataProtection.ServiceFabric\AspNetCore.DataProtection.ServiceFabric.csproj", "{7FBABD19-5B5A-47E7-8E20-C62A9751B354}"
EndProject
Project("{9A19103F-16F7-4668-BE54-9A1E7A4F7556}") = "AspNetCore.DataProtection.ServiceFabric.Common", "AspNetCore.DataProtection.ServiceFabric.Common\AspNetCore.DataProtection.ServiceFabric.Common.csproj", "{BCA77547-9671-4EC9-BDA6-C6C1F7B41CC6}"
EndProject
Global
	GlobalSection(SolutionConfigurationPlatforms) = preSolution
		Debug|Any CPU = Debug|Any CPU
		Debug|x64 = Debug|x64
		Release|Any CPU = Release|Any CPU
		Release|x64 = Release|x64
	EndGlobalSection
	GlobalSection(ProjectConfigurationPlatforms) = postSolution
		{A412C9FE-DD03-40D8-80F7-F9806A083140}.Debug|Any CPU.ActiveCfg = Debug|x64
		{A412C9FE-DD03-40D8-80F7-F9806A083140}.Debug|Any CPU.Deploy.0 = Debug|x64
		{A412C9FE-DD03-40D8-80F7-F9806A083140}.Debug|x64.ActiveCfg = Debug|x64
		{A412C9FE-DD03-40D8-80F7-F9806A083140}.Debug|x64.Build.0 = Debug|x64
		{A412C9FE-DD03-40D8-80F7-F9806A083140}.Debug|x64.Deploy.0 = Debug|x64
		{A412C9FE-DD03-40D8-80F7-F9806A083140}.Release|Any CPU.ActiveCfg = Release|x64
		{A412C9FE-DD03-40D8-80F7-F9806A083140}.Release|x64.ActiveCfg = Release|x64
		{A412C9FE-DD03-40D8-80F7-F9806A083140}.Release|x64.Build.0 = Release|x64
		{A412C9FE-DD03-40D8-80F7-F9806A083140}.Release|x64.Deploy.0 = Release|x64
		{47EA520C-F137-4AA1-9350-E1149C1C64EB}.Debug|Any CPU.ActiveCfg = Debug|x64
		{47EA520C-F137-4AA1-9350-E1149C1C64EB}.Debug|Any CPU.Build.0 = Debug|x64
		{47EA520C-F137-4AA1-9350-E1149C1C64EB}.Debug|x64.ActiveCfg = Debug|Any CPU
		{47EA520C-F137-4AA1-9350-E1149C1C64EB}.Debug|x64.Build.0 = Debug|Any CPU
		{47EA520C-F137-4AA1-9350-E1149C1C64EB}.Release|Any CPU.ActiveCfg = Release|Any CPU
		{47EA520C-F137-4AA1-9350-E1149C1C64EB}.Release|Any CPU.Build.0 = Release|Any CPU
		{47EA520C-F137-4AA1-9350-E1149C1C64EB}.Release|x64.ActiveCfg = Release|Any CPU
		{47EA520C-F137-4AA1-9350-E1149C1C64EB}.Release|x64.Build.0 = Release|Any CPU
		{7FBABD19-5B5A-47E7-8E20-C62A9751B354}.Debug|Any CPU.ActiveCfg = Debug|x64
		{7FBABD19-5B5A-47E7-8E20-C62A9751B354}.Debug|Any CPU.Build.0 = Debug|x64
		{7FBABD19-5B5A-47E7-8E20-C62A9751B354}.Debug|x64.ActiveCfg = Debug|Any CPU
		{7FBABD19-5B5A-47E7-8E20-C62A9751B354}.Debug|x64.Build.0 = Debug|Any CPU
		{7FBABD19-5B5A-47E7-8E20-C62A9751B354}.Release|Any CPU.ActiveCfg = Release|Any CPU
		{7FBABD19-5B5A-47E7-8E20-C62A9751B354}.Release|Any CPU.Build.0 = Release|Any CPU
		{7FBABD19-5B5A-47E7-8E20-C62A9751B354}.Release|x64.ActiveCfg = Release|Any CPU
		{7FBABD19-5B5A-47E7-8E20-C62A9751B354}.Release|x64.Build.0 = Release|Any CPU
		{BCA77547-9671-4EC9-BDA6-C6C1F7B41CC6}.Debug|Any CPU.ActiveCfg = Debug|Any CPU
		{BCA77547-9671-4EC9-BDA6-C6C1F7B41CC6}.Debug|Any CPU.Build.0 = Debug|Any CPU
		{BCA77547-9671-4EC9-BDA6-C6C1F7B41CC6}.Debug|x64.ActiveCfg = Debug|Any CPU
		{BCA77547-9671-4EC9-BDA6-C6C1F7B41CC6}.Debug|x64.Build.0 = Debug|Any CPU
		{BCA77547-9671-4EC9-BDA6-C6C1F7B41CC6}.Release|Any CPU.ActiveCfg = Release|Any CPU
		{BCA77547-9671-4EC9-BDA6-C6C1F7B41CC6}.Release|Any CPU.Build.0 = Release|Any CPU
		{BCA77547-9671-4EC9-BDA6-C6C1F7B41CC6}.Release|x64.ActiveCfg = Release|Any CPU
		{BCA77547-9671-4EC9-BDA6-C6C1F7B41CC6}.Release|x64.Build.0 = Release|Any CPU
	EndGlobalSection
	GlobalSection(SolutionProperties) = preSolution
		HideSolutionNode = FALSE
	EndGlobalSection
	GlobalSection(ExtensibilityGlobals) = postSolution
		SolutionGuid = {79D39140-0592-455A-9B91-0647C5262854}
	EndGlobalSection
EndGlobal
